// !$*UTF8*$!
{
	archiveVersion = 1;
	classes = {
	};
	objectVersion = 56;
	objects = {

/* Begin PBXBuildFile section */
		2F66D91C2ABE145D0082B634 /* AppDelegate.swift in Sources */ = {isa = PBXBuildFile; fileRef = 2F66D91B2ABE145D0082B634 /* AppDelegate.swift */; };
		2F66D91E2ABE145D0082B634 /* SceneDelegate.swift in Sources */ = {isa = PBXBuildFile; fileRef = 2F66D91D2ABE145D0082B634 /* SceneDelegate.swift */; };
		2F66D9202ABE145D0082B634 /* ViewController.swift in Sources */ = {isa = PBXBuildFile; fileRef = 2F66D91F2ABE145D0082B634 /* ViewController.swift */; };
		2F66D9232ABE145D0082B634 /* Main.storyboard in Resources */ = {isa = PBXBuildFile; fileRef = 2F66D9212ABE145D0082B634 /* Main.storyboard */; };
		2F66D9252ABE145E0082B634 /* Assets.xcassets in Resources */ = {isa = PBXBuildFile; fileRef = 2F66D9242ABE145E0082B634 /* Assets.xcassets */; };
		2F66D9282ABE145E0082B634 /* LaunchScreen.storyboard in Resources */ = {isa = PBXBuildFile; fileRef = 2F66D9262ABE145E0082B634 /* LaunchScreen.storyboard */; };
		2F66D9332ABE145E0082B634 /* MyPerfectJobTests.swift in Sources */ = {isa = PBXBuildFile; fileRef = 2F66D9322ABE145E0082B634 /* MyPerfectJobTests.swift */; };
		2F66D93D2ABE145E0082B634 /* MyPerfectJobUITests.swift in Sources */ = {isa = PBXBuildFile; fileRef = 2F66D93C2ABE145E0082B634 /* MyPerfectJobUITests.swift */; };
		2F66D93F2ABE145E0082B634 /* MyPerfectJobUITestsLaunchTests.swift in Sources */ = {isa = PBXBuildFile; fileRef = 2F66D93E2ABE145E0082B634 /* MyPerfectJobUITestsLaunchTests.swift */; };
/* End PBXBuildFile section */

/* Begin PBXContainerItemProxy section */
		2F66D92F2ABE145E0082B634 /* PBXContainerItemProxy */ = {
			isa = PBXContainerItemProxy;
			containerPortal = 2F66D9102ABE145D0082B634 /* Project object */;
			proxyType = 1;
			remoteGlobalIDString = 2F66D9172ABE145D0082B634;
			remoteInfo = MyPerfectJob;
		};
		2F66D9392ABE145E0082B634 /* PBXContainerItemProxy */ = {
			isa = PBXContainerItemProxy;
			containerPortal = 2F66D9102ABE145D0082B634 /* Project object */;
			proxyType = 1;
			remoteGlobalIDString = 2F66D9172ABE145D0082B634;
			remoteInfo = MyPerfectJob;
		};
/* End PBXContainerItemProxy section */

/* Begin PBXFileReference section */
		2F66D9182ABE145D0082B634 /* MyPerfectJob.app */ = {isa = PBXFileReference; explicitFileType = wrapper.application; includeInIndex = 0; path = MyPerfectJob.app; sourceTree = BUILT_PRODUCTS_DIR; };
		2F66D91B2ABE145D0082B634 /* AppDelegate.swift */ = {isa = PBXFileReference; lastKnownFileType = sourcecode.swift; path = AppDelegate.swift; sourceTree = "<group>"; };
		2F66D91D2ABE145D0082B634 /* SceneDelegate.swift */ = {isa = PBXFileReference; lastKnownFileType = sourcecode.swift; path = SceneDelegate.swift; sourceTree = "<group>"; };
		2F66D91F2ABE145D0082B634 /* ViewController.swift */ = {isa = PBXFileReference; lastKnownFileType = sourcecode.swift; path = ViewController.swift; sourceTree = "<group>"; };
		2F66D9222ABE145D0082B634 /* Base */ = {isa = PBXFileReference; lastKnownFileType = file.storyboard; name = Base; path = Base.lproj/Main.storyboard; sourceTree = "<group>"; };
		2F66D9242ABE145E0082B634 /* Assets.xcassets */ = {isa = PBXFileReference; lastKnownFileType = folder.assetcatalog; path = Assets.xcassets; sourceTree = "<group>"; };
		2F66D9272ABE145E0082B634 /* Base */ = {isa = PBXFileReference; lastKnownFileType = file.storyboard; name = Base; path = Base.lproj/LaunchScreen.storyboard; sourceTree = "<group>"; };
		2F66D9292ABE145E0082B634 /* Info.plist */ = {isa = PBXFileReference; lastKnownFileType = text.plist.xml; path = Info.plist; sourceTree = "<group>"; };
		2F66D92E2ABE145E0082B634 /* MyPerfectJobTests.xctest */ = {isa = PBXFileReference; explicitFileType = wrapper.cfbundle; includeInIndex = 0; path = MyPerfectJobTests.xctest; sourceTree = BUILT_PRODUCTS_DIR; };
		2F66D9322ABE145E0082B634 /* MyPerfectJobTests.swift */ = {isa = PBXFileReference; lastKnownFileType = sourcecode.swift; path = MyPerfectJobTests.swift; sourceTree = "<group>"; };
		2F66D9382ABE145E0082B634 /* MyPerfectJobUITests.xctest */ = {isa = PBXFileReference; explicitFileType = wrapper.cfbundle; includeInIndex = 0; path = MyPerfectJobUITests.xctest; sourceTree = BUILT_PRODUCTS_DIR; };
		2F66D93C2ABE145E0082B634 /* MyPerfectJobUITests.swift */ = {isa = PBXFileReference; lastKnownFileType = sourcecode.swift; path = MyPerfectJobUITests.swift; sourceTree = "<group>"; };
		2F66D93E2ABE145E0082B634 /* MyPerfectJobUITestsLaunchTests.swift */ = {isa = PBXFileReference; lastKnownFileType = sourcecode.swift; path = MyPerfectJobUITestsLaunchTests.swift; sourceTree = "<group>"; };
/* End PBXFileReference section */

/* Begin PBXFrameworksBuildPhase section */
		2F66D9152ABE145D0082B634 /* Frameworks */ = {
			isa = PBXFrameworksBuildPhase;
			buildActionMask = 2147483647;
			files = (
			);
			runOnlyForDeploymentPostprocessing = 0;
		};
		2F66D92B2ABE145E0082B634 /* Frameworks */ = {
			isa = PBXFrameworksBuildPhase;
			buildActionMask = 2147483647;
			files = (
			);
			runOnlyForDeploymentPostprocessing = 0;
		};
		2F66D9352ABE145E0082B634 /* Frameworks */ = {
			isa = PBXFrameworksBuildPhase;
			buildActionMask = 2147483647;
			files = (
			);
			runOnlyForDeploymentPostprocessing = 0;
		};
/* End PBXFrameworksBuildPhase section */

/* Begin PBXGroup section */
		2F66D90F2ABE145D0082B634 = {
			isa = PBXGroup;
			children = (
				2F66D91A2ABE145D0082B634 /* MyPerfectJob */,
				2F66D9312ABE145E0082B634 /* MyPerfectJobTests */,
				2F66D93B2ABE145E0082B634 /* MyPerfectJobUITests */,
				2F66D9192ABE145D0082B634 /* Products */,
			);
			sourceTree = "<group>";
		};
		2F66D9192ABE145D0082B634 /* Products */ = {
			isa = PBXGroup;
			children = (
				2F66D9182ABE145D0082B634 /* MyPerfectJob.app */,
				2F66D92E2ABE145E0082B634 /* MyPerfectJobTests.xctest */,
				2F66D9382ABE145E0082B634 /* MyPerfectJobUITests.xctest */,
			);
			name = Products;
			sourceTree = "<group>";
		};
		2F66D91A2ABE145D0082B634 /* MyPerfectJob */ = {
			isa = PBXGroup;
			children = (
				2F66D91B2ABE145D0082B634 /* AppDelegate.swift */,
				2F66D91D2ABE145D0082B634 /* SceneDelegate.swift */,
				2F66D91F2ABE145D0082B634 /* ViewController.swift */,
				2F66D9212ABE145D0082B634 /* Main.storyboard */,
				2F66D9242ABE145E0082B634 /* Assets.xcassets */,
				2F66D9262ABE145E0082B634 /* LaunchScreen.storyboard */,
				2F66D9292ABE145E0082B634 /* Info.plist */,
			);
			path = MyPerfectJob;
			sourceTree = "<group>";
		};
		2F66D9312ABE145E0082B634 /* MyPerfectJobTests */ = {
			isa = PBXGroup;
			children = (
				2F66D9322ABE145E0082B634 /* MyPerfectJobTests.swift */,
			);
			path = MyPerfectJobTests;
			sourceTree = "<group>";
		};
		2F66D93B2ABE145E0082B634 /* MyPerfectJobUITests */ = {
			isa = PBXGroup;
			children = (
				2F66D93C2ABE145E0082B634 /* MyPerfectJobUITests.swift */,
				2F66D93E2ABE145E0082B634 /* MyPerfectJobUITestsLaunchTests.swift */,
			);
			path = MyPerfectJobUITests;
			sourceTree = "<group>";
		};
/* End PBXGroup section */

/* Begin PBXNativeTarget section */
		2F66D9172ABE145D0082B634 /* MyPerfectJob */ = {
			isa = PBXNativeTarget;
			buildConfigurationList = 2F66D9422ABE145E0082B634 /* Build configuration list for PBXNativeTarget "MyPerfectJob" */;
			buildPhases = (
				2F66D9142ABE145D0082B634 /* Sources */,
				2F66D9152ABE145D0082B634 /* Frameworks */,
				2F66D9162ABE145D0082B634 /* Resources */,
			);
			buildRules = (
			);
			dependencies = (
			);
			name = MyPerfectJob;
			productName = MyPerfectJob;
			productReference = 2F66D9182ABE145D0082B634 /* MyPerfectJob.app */;
			productType = "com.apple.product-type.application";
		};
		2F66D92D2ABE145E0082B634 /* MyPerfectJobTests */ = {
			isa = PBXNativeTarget;
			buildConfigurationList = 2F66D9452ABE145E0082B634 /* Build configuration list for PBXNativeTarget "MyPerfectJobTests" */;
			buildPhases = (
				2F66D92A2ABE145E0082B634 /* Sources */,
				2F66D92B2ABE145E0082B634 /* Frameworks */,
				2F66D92C2ABE145E0082B634 /* Resources */,
			);
			buildRules = (
			);
			dependencies = (
				2F66D9302ABE145E0082B634 /* PBXTargetDependency */,
			);
			name = MyPerfectJobTests;
			productName = MyPerfectJobTests;
			productReference = 2F66D92E2ABE145E0082B634 /* MyPerfectJobTests.xctest */;
			productType = "com.apple.product-type.bundle.unit-test";
		};
		2F66D9372ABE145E0082B634 /* MyPerfectJobUITests */ = {
			isa = PBXNativeTarget;
			buildConfigurationList = 2F66D9482ABE145E0082B634 /* Build configuration list for PBXNativeTarget "MyPerfectJobUITests" */;
			buildPhases = (
				2F66D9342ABE145E0082B634 /* Sources */,
				2F66D9352ABE145E0082B634 /* Frameworks */,
				2F66D9362ABE145E0082B634 /* Resources */,
			);
			buildRules = (
			);
			dependencies = (
				2F66D93A2ABE145E0082B634 /* PBXTargetDependency */,
			);
			name = MyPerfectJobUITests;
			productName = MyPerfectJobUITests;
			productReference = 2F66D9382ABE145E0082B634 /* MyPerfectJobUITests.xctest */;
			productType = "com.apple.product-type.bundle.ui-testing";
		};
/* End PBXNativeTarget section */

/* Begin PBXProject section */
		2F66D9102ABE145D0082B634 /* Project object */ = {
			isa = PBXProject;
			attributes = {
				BuildIndependentTargetsInParallel = 1;
				LastSwiftUpdateCheck = 1430;
				LastUpgradeCheck = 1430;
				TargetAttributes = {
					2F66D9172ABE145D0082B634 = {
						CreatedOnToolsVersion = 14.3.1;
					};
					2F66D92D2ABE145E0082B634 = {
						CreatedOnToolsVersion = 14.3.1;
						TestTargetID = 2F66D9172ABE145D0082B634;
					};
					2F66D9372ABE145E0082B634 = {
						CreatedOnToolsVersion = 14.3.1;
						TestTargetID = 2F66D9172ABE145D0082B634;
					};
				};
			};
			buildConfigurationList = 2F66D9132ABE145D0082B634 /* Build configuration list for PBXProject "MyPerfectJob" */;
			compatibilityVersion = "Xcode 14.0";
			developmentRegion = en;
			hasScannedForEncodings = 0;
			knownRegions = (
				en,
				Base,
			);
			mainGroup = 2F66D90F2ABE145D0082B634;
			productRefGroup = 2F66D9192ABE145D0082B634 /* Products */;
			projectDirPath = "";
			projectRoot = "";
			targets = (
				2F66D9172ABE145D0082B634 /* MyPerfectJob */,
				2F66D92D2ABE145E0082B634 /* MyPerfectJobTests */,
				2F66D9372ABE145E0082B634 /* MyPerfectJobUITests */,
			);
		};
/* End PBXProject section */

/* Begin PBXResourcesBuildPhase section */
		2F66D9162ABE145D0082B634 /* Resources */ = {
			isa = PBXResourcesBuildPhase;
			buildActionMask = 2147483647;
			files = (
				2F66D9282ABE145E0082B634 /* LaunchScreen.storyboard in Resources */,
				2F66D9252ABE145E0082B634 /* Assets.xcassets in Resources */,
				2F66D9232ABE145D0082B634 /* Main.storyboard in Resources */,
			);
			runOnlyForDeploymentPostprocessing = 0;
		};
		2F66D92C2ABE145E0082B634 /* Resources */ = {
			isa = PBXResourcesBuildPhase;
			buildActionMask = 2147483647;
			files = (
			);
			runOnlyForDeploymentPostprocessing = 0;
		};
		2F66D9362ABE145E0082B634 /* Resources */ = {
			isa = PBXResourcesBuildPhase;
			buildActionMask = 2147483647;
			files = (
			);
			runOnlyForDeploymentPostprocessing = 0;
		};
/* End PBXResourcesBuildPhase section */

/* Begin PBXSourcesBuildPhase section */
		2F66D9142ABE145D0082B634 /* Sources */ = {
			isa = PBXSourcesBuildPhase;
			buildActionMask = 2147483647;
			files = (
				2F66D9202ABE145D0082B634 /* ViewController.swift in Sources */,
				2F66D91C2ABE145D0082B634 /* AppDelegate.swift in Sources */,
				2F66D91E2ABE145D0082B634 /* SceneDelegate.swift in Sources */,
			);
			runOnlyForDeploymentPostprocessing = 0;
		};
		2F66D92A2ABE145E0082B634 /* Sources */ = {
			isa = PBXSourcesBuildPhase;
			buildActionMask = 2147483647;
			files = (
				2F66D9332ABE145E0082B634 /* MyPerfectJobTests.swift in Sources */,
			);
			runOnlyForDeploymentPostprocessing = 0;
		};
		2F66D9342ABE145E0082B634 /* Sources */ = {
			isa = PBXSourcesBuildPhase;
			buildActionMask = 2147483647;
			files = (
				2F66D93F2ABE145E0082B634 /* MyPerfectJobUITestsLaunchTests.swift in Sources */,
				2F66D93D2ABE145E0082B634 /* MyPerfectJobUITests.swift in Sources */,
			);
			runOnlyForDeploymentPostprocessing = 0;
		};
/* End PBXSourcesBuildPhase section */

/* Begin PBXTargetDependency section */
		2F66D9302ABE145E0082B634 /* PBXTargetDependency */ = {
			isa = PBXTargetDependency;
			target = 2F66D9172ABE145D0082B634 /* MyPerfectJob */;
			targetProxy = 2F66D92F2ABE145E0082B634 /* PBXContainerItemProxy */;
		};
		2F66D93A2ABE145E0082B634 /* PBXTargetDependency */ = {
			isa = PBXTargetDependency;
			target = 2F66D9172ABE145D0082B634 /* MyPerfectJob */;
			targetProxy = 2F66D9392ABE145E0082B634 /* PBXContainerItemProxy */;
		};
/* End PBXTargetDependency section */

/* Begin PBXVariantGroup section */
		2F66D9212ABE145D0082B634 /* Main.storyboard */ = {
			isa = PBXVariantGroup;
			children = (
				2F66D9222ABE145D0082B634 /* Base */,
			);
			name = Main.storyboard;
			sourceTree = "<group>";
		};
		2F66D9262ABE145E0082B634 /* LaunchScreen.storyboard */ = {
			isa = PBXVariantGroup;
			children = (
				2F66D9272ABE145E0082B634 /* Base */,
			);
			name = LaunchScreen.storyboard;
			sourceTree = "<group>";
		};
/* End PBXVariantGroup section */

/* Begin XCBuildConfiguration section */
		2F66D9402ABE145E0082B634 /* Debug */ = {
			isa = XCBuildConfiguration;
			buildSettings = {
				ALWAYS_SEARCH_USER_PATHS = NO;
				CLANG_ANALYZER_NONNULL = YES;
				CLANG_ANALYZER_NUMBER_OBJECT_CONVERSION = YES_AGGRESSIVE;
				CLANG_CXX_LANGUAGE_STANDARD = "gnu++20";
				CLANG_ENABLE_MODULES = YES;
				CLANG_ENABLE_OBJC_ARC = YES;
				CLANG_ENABLE_OBJC_WEAK = YES;
				CLANG_WARN_BLOCK_CAPTURE_AUTORELEASING = YES;
				CLANG_WARN_BOOL_CONVERSION = YES;
				CLANG_WARN_COMMA = YES;
				CLANG_WARN_CONSTANT_CONVERSION = YES;
				CLANG_WARN_DEPRECATED_OBJC_IMPLEMENTATIONS = YES;
				CLANG_WARN_DIRECT_OBJC_ISA_USAGE = YES_ERROR;
				CLANG_WARN_DOCUMENTATION_COMMENTS = YES;
				CLANG_WARN_EMPTY_BODY = YES;
				CLANG_WARN_ENUM_CONVERSION = YES;
				CLANG_WARN_INFINITE_RECURSION = YES;
				CLANG_WARN_INT_CONVERSION = YES;
				CLANG_WARN_NON_LITERAL_NULL_CONVERSION = YES;
				CLANG_WARN_OBJC_IMPLICIT_RETAIN_SELF = YES;
				CLANG_WARN_OBJC_LITERAL_CONVERSION = YES;
				CLANG_WARN_OBJC_ROOT_CLASS = YES_ERROR;
				CLANG_WARN_QUOTED_INCLUDE_IN_FRAMEWORK_HEADER = YES;
				CLANG_WARN_RANGE_LOOP_ANALYSIS = YES;
				CLANG_WARN_STRICT_PROTOTYPES = YES;
				CLANG_WARN_SUSPICIOUS_MOVE = YES;
				CLANG_WARN_UNGUARDED_AVAILABILITY = YES_AGGRESSIVE;
				CLANG_WARN_UNREACHABLE_CODE = YES;
				CLANG_WARN__DUPLICATE_METHOD_MATCH = YES;
				COPY_PHASE_STRIP = NO;
				DEBUG_INFORMATION_FORMAT = dwarf;
				ENABLE_STRICT_OBJC_MSGSEND = YES;
				ENABLE_TESTABILITY = YES;
				GCC_C_LANGUAGE_STANDARD = gnu11;
				GCC_DYNAMIC_NO_PIC = NO;
				GCC_NO_COMMON_BLOCKS = YES;
				GCC_OPTIMIZATION_LEVEL = 0;
				GCC_PREPROCESSOR_DEFINITIONS = (
					"DEBUG=1",
					"$(inherited)",
				);
				GCC_WARN_64_TO_32_BIT_CONVERSION = YES;
				GCC_WARN_ABOUT_RETURN_TYPE = YES_ERROR;
				GCC_WARN_UNDECLARED_SELECTOR = YES;
				GCC_WARN_UNINITIALIZED_AUTOS = YES_AGGRESSIVE;
				GCC_WARN_UNUSED_FUNCTION = YES;
				GCC_WARN_UNUSED_VARIABLE = YES;
				IPHONEOS_DEPLOYMENT_TARGET = 16.4;
				MTL_ENABLE_DEBUG_INFO = INCLUDE_SOURCE;
				MTL_FAST_MATH = YES;
				ONLY_ACTIVE_ARCH = YES;
				SDKROOT = iphoneos;
				SWIFT_ACTIVE_COMPILATION_CONDITIONS = DEBUG;
				SWIFT_OPTIMIZATION_LEVEL = "-Onone";
			};
			name = Debug;
		};
		2F66D9412ABE145E0082B634 /* Release */ = {
			isa = XCBuildConfiguration;
			buildSettings = {
				ALWAYS_SEARCH_USER_PATHS = NO;
				CLANG_ANALYZER_NONNULL = YES;
				CLANG_ANALYZER_NUMBER_OBJECT_CONVERSION = YES_AGGRESSIVE;
				CLANG_CXX_LANGUAGE_STANDARD = "gnu++20";
				CLANG_ENABLE_MODULES = YES;
				CLANG_ENABLE_OBJC_ARC = YES;
				CLANG_ENABLE_OBJC_WEAK = YES;
				CLANG_WARN_BLOCK_CAPTURE_AUTORELEASING = YES;
				CLANG_WARN_BOOL_CONVERSION = YES;
				CLANG_WARN_COMMA = YES;
				CLANG_WARN_CONSTANT_CONVERSION = YES;
				CLANG_WARN_DEPRECATED_OBJC_IMPLEMENTATIONS = YES;
				CLANG_WARN_DIRECT_OBJC_ISA_USAGE = YES_ERROR;
				CLANG_WARN_DOCUMENTATION_COMMENTS = YES;
				CLANG_WARN_EMPTY_BODY = YES;
				CLANG_WARN_ENUM_CONVERSION = YES;
				CLANG_WARN_INFINITE_RECURSION = YES;
				CLANG_WARN_INT_CONVERSION = YES;
				CLANG_WARN_NON_LITERAL_NULL_CONVERSION = YES;
				CLANG_WARN_OBJC_IMPLICIT_RETAIN_SELF = YES;
				CLANG_WARN_OBJC_LITERAL_CONVERSION = YES;
				CLANG_WARN_OBJC_ROOT_CLASS = YES_ERROR;
				CLANG_WARN_QUOTED_INCLUDE_IN_FRAMEWORK_HEADER = YES;
				CLANG_WARN_RANGE_LOOP_ANALYSIS = YES;
				CLANG_WARN_STRICT_PROTOTYPES = YES;
				CLANG_WARN_SUSPICIOUS_MOVE = YES;
				CLANG_WARN_UNGUARDED_AVAILABILITY = YES_AGGRESSIVE;
				CLANG_WARN_UNREACHABLE_CODE = YES;
				CLANG_WARN__DUPLICATE_METHOD_MATCH = YES;
				COPY_PHASE_STRIP = NO;
				DEBUG_INFORMATION_FORMAT = "dwarf-with-dsym";
				ENABLE_NS_ASSERTIONS = NO;
				ENABLE_STRICT_OBJC_MSGSEND = YES;
				GCC_C_LANGUAGE_STANDARD = gnu11;
				GCC_NO_COMMON_BLOCKS = YES;
				GCC_WARN_64_TO_32_BIT_CONVERSION = YES;
				GCC_WARN_ABOUT_RETURN_TYPE = YES_ERROR;
				GCC_WARN_UNDECLARED_SELECTOR = YES;
				GCC_WARN_UNINITIALIZED_AUTOS = YES_AGGRESSIVE;
				GCC_WARN_UNUSED_FUNCTION = YES;
				GCC_WARN_UNUSED_VARIABLE = YES;
				IPHONEOS_DEPLOYMENT_TARGET = 16.4;
				MTL_ENABLE_DEBUG_INFO = NO;
				MTL_FAST_MATH = YES;
				SDKROOT = iphoneos;
				SWIFT_COMPILATION_MODE = wholemodule;
				SWIFT_OPTIMIZATION_LEVEL = "-O";
				VALIDATE_PRODUCT = YES;
			};
			name = Release;
		};
		2F66D9432ABE145E0082B634 /* Debug */ = {
			isa = XCBuildConfiguration;
			buildSettings = {
				ASSETCATALOG_COMPILER_APPICON_NAME = AppIcon;
				ASSETCATALOG_COMPILER_GLOBAL_ACCENT_COLOR_NAME = AccentColor;
				CODE_SIGN_STYLE = Automatic;
				CURRENT_PROJECT_VERSION = 1;
				GENERATE_INFOPLIST_FILE = YES;
				INFOPLIST_FILE = MyPerfectJob/Info.plist;
				INFOPLIST_KEY_UIApplicationSupportsIndirectInputEvents = YES;
				INFOPLIST_KEY_UILaunchStoryboardName = LaunchScreen;
				INFOPLIST_KEY_UIMainStoryboardFile = Main;
				INFOPLIST_KEY_UISupportedInterfaceOrientations_iPad = "UIInterfaceOrientationPortrait UIInterfaceOrientationPortraitUpsideDown UIInterfaceOrientationLandscapeLeft UIInterfaceOrientationLandscapeRight";
				INFOPLIST_KEY_UISupportedInterfaceOrientations_iPhone = "UIInterfaceOrientationPortrait UIInterfaceOrientationLandscapeLeft UIInterfaceOrientationLandscapeRight";
				LD_RUNPATH_SEARCH_PATHS = (
					"$(inherited)",
					"@executable_path/Frameworks",
				);
				MARKETING_VERSION = 1.0;
				PRODUCT_BUNDLE_IDENTIFIER = "perfect-job.MyPerfectJob";
				PRODUCT_NAME = "$(TARGET_NAME)";
				SWIFT_EMIT_LOC_STRINGS = YES;
				SWIFT_VERSION = 5.0;
				TARGETED_DEVICE_FAMILY = "1,2";
			};
			name = Debug;
		};
		2F66D9442ABE145E0082B634 /* Release */ = {
			isa = XCBuildConfiguration;
			buildSettings = {
				ASSETCATALOG_COMPILER_APPICON_NAME = AppIcon;
				ASSETCATALOG_COMPILER_GLOBAL_ACCENT_COLOR_NAME = AccentColor;
				CODE_SIGN_STYLE = Automatic;
				CURRENT_PROJECT_VERSION = 1;
				GENERATE_INFOPLIST_FILE = YES;
				INFOPLIST_FILE = MyPerfectJob/Info.plist;
				INFOPLIST_KEY_UIApplicationSupportsIndirectInputEvents = YES;
				INFOPLIST_KEY_UILaunchStoryboardName = LaunchScreen;
				INFOPLIST_KEY_UIMainStoryboardFile = Main;
				INFOPLIST_KEY_UISupportedInterfaceOrientations_iPad = "UIInterfaceOrientationPortrait UIInterfaceOrientationPortraitUpsideDown UIInterfaceOrientationLandscapeLeft UIInterfaceOrientationLandscapeRight";
				INFOPLIST_KEY_UISupportedInterfaceOrientations_iPhone = "UIInterfaceOrientationPortrait UIInterfaceOrientationLandscapeLeft UIInterfaceOrientationLandscapeRight";
				LD_RUNPATH_SEARCH_PATHS = (
					"$(inherited)",
					"@executable_path/Frameworks",
				);
				MARKETING_VERSION = 1.0;
				PRODUCT_BUNDLE_IDENTIFIER = "perfect-job.MyPerfectJob";
				PRODUCT_NAME = "$(TARGET_NAME)";
				SWIFT_EMIT_LOC_STRINGS = YES;
				SWIFT_VERSION = 5.0;
				TARGETED_DEVICE_FAMILY = "1,2";
			};
			name = Release;
		};
		2F66D9462ABE145E0082B634 /* Debug */ = {
			isa = XCBuildConfiguration;
			buildSettings = {
				ALWAYS_EMBED_SWIFT_STANDARD_LIBRARIES = YES;
				BUNDLE_LOADER = "$(TEST_HOST)";
				CODE_SIGN_STYLE = Automatic;
				CURRENT_PROJECT_VERSION = 1;
				GENERATE_INFOPLIST_FILE = YES;
				IPHONEOS_DEPLOYMENT_TARGET = 16.4;
				MARKETING_VERSION = 1.0;
				PRODUCT_BUNDLE_IDENTIFIER = "perfect-job.MyPerfectJobTests";
				PRODUCT_NAME = "$(TARGET_NAME)";
				SWIFT_EMIT_LOC_STRINGS = NO;
				SWIFT_VERSION = 5.0;
				TARGETED_DEVICE_FAMILY = "1,2";
				TEST_HOST = "$(BUILT_PRODUCTS_DIR)/MyPerfectJob.app/$(BUNDLE_EXECUTABLE_FOLDER_PATH)/MyPerfectJob";
			};
			name = Debug;
		};
		2F66D9472ABE145E0082B634 /* Release */ = {
			isa = XCBuildConfiguration;
			buildSettings = {
				ALWAYS_EMBED_SWIFT_STANDARD_LIBRARIES = YES;
				BUNDLE_LOADER = "$(TEST_HOST)";
				CODE_SIGN_STYLE = Automatic;
				CURRENT_PROJECT_VERSION = 1;
				GENERATE_INFOPLIST_FILE = YES;
				IPHONEOS_DEPLOYMENT_TARGET = 16.4;
				MARKETING_VERSION = 1.0;
				PRODUCT_BUNDLE_IDENTIFIER = "perfect-job.MyPerfectJobTests";
				PRODUCT_NAME = "$(TARGET_NAME)";
				SWIFT_EMIT_LOC_STRINGS = NO;
				SWIFT_VERSION = 5.0;
				TARGETED_DEVICE_FAMILY = "1,2";
				TEST_HOST = "$(BUILT_PRODUCTS_DIR)/MyPerfectJob.app/$(BUNDLE_EXECUTABLE_FOLDER_PATH)/MyPerfectJob";
			};
			name = Release;
		};
		2F66D9492ABE145E0082B634 /* Debug */ = {
			isa = XCBuildConfiguration;
			buildSettings = {
				ALWAYS_EMBED_SWIFT_STANDARD_LIBRARIES = YES;
				CODE_SIGN_STYLE = Automatic;
				CURRENT_PROJECT_VERSION = 1;
				GENERATE_INFOPLIST_FILE = YES;
				MARKETING_VERSION = 1.0;
				PRODUCT_BUNDLE_IDENTIFIER = "perfect-job.MyPerfectJobUITests";
				PRODUCT_NAME = "$(TARGET_NAME)";
				SWIFT_EMIT_LOC_STRINGS = NO;
				SWIFT_VERSION = 5.0;
				TARGETED_DEVICE_FAMILY = "1,2";
				TEST_TARGET_NAME = MyPerfectJob;
			};
			name = Debug;
		};
		2F66D94A2ABE145E0082B634 /* Release */ = {
			isa = XCBuildConfiguration;
			buildSettings = {
				ALWAYS_EMBED_SWIFT_STANDARD_LIBRARIES = YES;
				CODE_SIGN_STYLE = Automatic;
				CURRENT_PROJECT_VERSION = 1;
				GENERATE_INFOPLIST_FILE = YES;
				MARKETING_VERSION = 1.0;
				PRODUCT_BUNDLE_IDENTIFIER = "perfect-job.MyPerfectJobUITests";
				PRODUCT_NAME = "$(TARGET_NAME)";
				SWIFT_EMIT_LOC_STRINGS = NO;
				SWIFT_VERSION = 5.0;
				TARGETED_DEVICE_FAMILY = "1,2";
				TEST_TARGET_NAME = MyPerfectJob;
			};
			name = Release;
		};
/* End XCBuildConfiguration section */

/* Begin XCConfigurationList section */
		2F66D9132ABE145D0082B634 /* Build configuration list for PBXProject "MyPerfectJob" */ = {
			isa = XCConfigurationList;
			buildConfigurations = (
				2F66D9402ABE145E0082B634 /* Debug */,
				2F66D9412ABE145E0082B634 /* Release */,
			);
			defaultConfigurationIsVisible = 0;
			defaultConfigurationName = Release;
		};
		2F66D9422ABE145E0082B634 /* Build configuration list for PBXNativeTarget "MyPerfectJob" */ = {
			isa = XCConfigurationList;
			buildConfigurations = (
				2F66D9432ABE145E0082B634 /* Debug */,
				2F66D9442ABE145E0082B634 /* Release */,
			);
			defaultConfigurationIsVisible = 0;
			defaultConfigurationName = Release;
		};
		2F66D9452ABE145E0082B634 /* Build configuration list for PBXNativeTarget "MyPerfectJobTests" */ = {
			isa = XCConfigurationList;
			buildConfigurations = (
				2F66D9462ABE145E0082B634 /* Debug */,
				2F66D9472ABE145E0082B634 /* Release */,
			);
			defaultConfigurationIsVisible = 0;
			defaultConfigurationName = Release;
		};
		2F66D9482ABE145E0082B634 /* Build configuration list for PBXNativeTarget "MyPerfectJobUITests" */ = {
			isa = XCConfigurationList;
			buildConfigurations = (
				2F66D9492ABE145E0082B634 /* Debug */,
				2F66D94A2ABE145E0082B634 /* Release */,
			);
			defaultConfigurationIsVisible = 0;
			defaultConfigurationName = Release;
		};
/* End XCConfigurationList section */
	};
	rootObject = 2F66D9102ABE145D0082B634 /* Project object */;
}
